{
	"requires": true,
	"lockfileVersion": 1,
	"dependencies": {
		"has-flag": {
			"version": "5.0.0",
			"resolved": "https://registry.npmjs.org/has-flag/-/has-flag-5.0.0.tgz",
			"integrity": "sha512-dmhh9fPE7WRat4yiFvyhXh7LytudXDcE89VEdR3sxfWQKtFPr7jpXip5H402aeFfA36ucqSKecGEapc7N44k+g=="
		},
		"supports-color": {
			"version": "9.0.0",
			"resolved": "https://registry.npmjs.org/supports-color/-/supports-color-9.0.0.tgz",
			"integrity": "sha512-8E5dgZd3FsJaYM+TEbKnwX4VWsP+0gDDsI2CKZQidScJv2QDbt0K8ZM6bHP1nq/pUrH6Nm/ZQvBFdvFVLRuuQQ==",
			"requires": {
				"has-flag": "^5.0.0"
			}
		}
	}
}
