# THIS IS AN AUTOGENERATED FILE. DO NOT EDIT THIS FILE DIRECTLY.
# yarn lockfile v1


has-flag@^5.0.0:
  version "5.0.0"
  resolved "https://registry.yarnpkg.com/has-flag/-/has-flag-5.0.0.tgz#36e12f0b14052d6ffc8007c6f768a87623f6f692"
  integrity sha512-dmhh9fPE7WRat4yiFvyhXh7LytudXDcE89VEdR3sxfWQKtFPr7jpXip5H402aeFfA36ucqSKecGEapc7N44k+g==

supports-color@^9.0.0:
  version "9.0.0"
  resolved "https://registry.yarnpkg.com/supports-color/-/supports-color-9.0.0.tgz#201a80bcefe03598cd2439f7a2ab9a855ab15570"
  integrity sha512-8E5dgZd3FsJaYM+TEbKnwX4VWsP+0gDDsI2CKZQidScJv2QDbt0K8ZM6bHP1nq/pUrH6Nm/ZQvBFdvFVLRuuQQ==
  dependencies:
    has-flag "^5.0.0"
